lockVersion: 2.0.0
id: f28179cc-ef59-426d-9e85-60cec22fc642
management:
  docChecksum: 2dc0e57ebc2df7985435f1560ba8e4cc
  docVersion: 0.0.1
  speakeasyVersion: 1.330.0
  generationVersion: 2.361.10
  releaseVersion: 0.32.0
  configChecksum: f8bc783f51e9b5b1da613e86edefc63a
  repoURL: https://github.com/dubinc/dub-ts.git
  installationURL: https://github.com/dubinc/dub-ts
  published: true
features:
  typescript:
    additionalDependencies: 0.1.0
    constsAndDefaults: 0.1.5
    core: 3.11.5
    deprecations: 2.81.1
    examples: 2.81.4
    flattening: 2.81.1
    globalSecurity: 2.82.9
    globalSecurityCallbacks: 0.1.0
    globalSecurityFlattening: 0.1.0
    globalServerURLs: 2.82.4
    nameOverrides: 2.81.2
    nullables: 0.1.0
    responseFormat: 0.2.3
    sdkHooks: 0.1.0
    unions: 2.85.5
generatedFiles:
  - src/sdk/links.ts
  - src/sdk/qrcodes.ts
  - src/sdk/analytics.ts
  - src/sdk/workspaces.ts
  - src/sdk/tags.ts
  - src/sdk/domains.ts
  - src/sdk/track.ts
  - src/sdk/metatags.ts
  - src/sdk/sdk.ts
  - .eslintrc.cjs
  - .npmignore
  - RUNTIMES.md
  - jsr.json
  - package.json
  - src/lib/base64.ts
  - src/lib/config.ts
  - src/lib/encodings.ts
  - src/lib/http.ts
  - src/lib/is-plain-object.ts
  - src/lib/primitives.ts
  - src/lib/retries.ts
  - src/lib/schemas.ts
  - src/lib/sdks.ts
  - src/lib/security.ts
  - src/lib/url.ts
  - src/sdk/index.ts
  - src/models/errors/sdkerror.ts
  - src/models/errors/sdkvalidationerror.ts
  - src/types/blobs.ts
  - src/types/enums.ts
  - src/types/index.ts
  - src/types/operations.ts
  - src/types/rfcdate.ts
  - tsconfig.json
  - src/models/components/linkschema.ts
  - src/models/components/tagschema.ts
  - src/models/components/linkgeotargeting.ts
  - src/models/components/clickscount.ts
  - src/models/components/clickstimeseries.ts
  - src/models/components/clickscountries.ts
  - src/models/components/clickscities.ts
  - src/models/components/clicksdevices.ts
  - src/models/components/clicksbrowsers.ts
  - src/models/components/clicksos.ts
  - src/models/components/clicksreferers.ts
  - src/models/components/clickstoplinks.ts
  - src/models/components/clickstopurls.ts
  - src/models/components/leadscount.ts
  - src/models/components/leadstimeseries.ts
  - src/models/components/leadscountries.ts
  - src/models/components/leadscities.ts
  - src/models/components/leadsdevices.ts
  - src/models/components/leadsbrowsers.ts
  - src/models/components/leadsos.ts
  - src/models/components/leadsreferers.ts
  - src/models/components/leadstoplinks.ts
  - src/models/components/leadstopurls.ts
  - src/models/components/salescount.ts
  - src/models/components/salestimeseries.ts
  - src/models/components/salescountries.ts
  - src/models/components/salescities.ts
  - src/models/components/salesdevices.ts
  - src/models/components/salesbrowsers.ts
  - src/models/components/salesos.ts
  - src/models/components/salesreferers.ts
  - src/models/components/salestoplinks.ts
  - src/models/components/salestopurls.ts
  - src/models/components/countrycode.ts
  - src/models/components/workspaceschema.ts
  - src/models/components/domainschema.ts
  - src/models/components/security.ts
  - src/models/errors/badrequest.ts
  - src/models/errors/unauthorized.ts
  - src/models/errors/forbidden.ts
  - src/models/errors/notfound.ts
  - src/models/errors/conflict.ts
  - src/models/errors/inviteexpired.ts
  - src/models/errors/unprocessableentity.ts
  - src/models/errors/ratelimitexceeded.ts
  - src/models/errors/internalservererror.ts
  - src/models/operations/getlinks.ts
  - src/models/operations/createlink.ts
  - src/models/operations/getlinkscount.ts
  - src/models/operations/getlinkinfo.ts
  - src/models/operations/deletelink.ts
  - src/models/operations/updatelink.ts
  - src/models/operations/bulkcreatelinks.ts
  - src/models/operations/bulkupdatelinks.ts
  - src/models/operations/upsertlink.ts
  - src/models/operations/getqrcode.ts
  - src/models/operations/retrieveanalytics.ts
  - src/models/operations/getworkspace.ts
  - src/models/operations/updateworkspace.ts
  - src/models/operations/createtag.ts
  - src/models/operations/updatetag.ts
  - src/models/operations/createdomain.ts
  - src/models/operations/deletedomain.ts
  - src/models/operations/updatedomain.ts
  - src/models/operations/tracklead.ts
  - src/models/operations/tracksale.ts
  - src/models/operations/trackcustomer.ts
  - src/models/operations/getmetatags.ts
  - src/models/errors/index.ts
  - src/models/components/index.ts
  - src/models/operations/index.ts
  - docs/models/components/geo.md
  - docs/models/components/linkschema.md
  - docs/models/components/color.md
  - docs/models/components/tagschema.md
  - docs/models/components/linkgeotargeting.md
  - docs/models/components/clickscount.md
  - docs/models/components/clickstimeseries.md
  - docs/models/components/country.md
  - docs/models/components/clickscountries.md
  - docs/models/components/clickscitiescountry.md
  - docs/models/components/clickscities.md
  - docs/models/components/clicksdevices.md
  - docs/models/components/clicksbrowsers.md
  - docs/models/components/clicksos.md
  - docs/models/components/clicksreferers.md
  - docs/models/components/clickstoplinks.md
  - docs/models/components/clickstopurls.md
  - docs/models/components/leadscount.md
  - docs/models/components/leadstimeseries.md
  - docs/models/components/leadscountriescountry.md
  - docs/models/components/leadscountries.md
  - docs/models/components/leadscitiescountry.md
  - docs/models/components/leadscities.md
  - docs/models/components/leadsdevices.md
  - docs/models/components/leadsbrowsers.md
  - docs/models/components/leadsos.md
  - docs/models/components/leadsreferers.md
  - docs/models/components/leadstoplinks.md
  - docs/models/components/leadstopurls.md
  - docs/models/components/salescount.md
  - docs/models/components/salestimeseries.md
  - docs/models/components/salescountriescountry.md
  - docs/models/components/salescountries.md
  - docs/models/components/salescitiescountry.md
  - docs/models/components/salescities.md
  - docs/models/components/salesdevices.md
  - docs/models/components/salesbrowsers.md
  - docs/models/components/salesos.md
  - docs/models/components/salesreferers.md
  - docs/models/components/salestoplinks.md
  - docs/models/components/salestopurls.md
  - docs/models/components/countrycode.md
  - docs/models/components/plan.md
  - docs/models/components/role.md
  - docs/models/components/users.md
  - docs/models/components/domains.md
  - docs/models/components/workspaceschema.md
  - docs/models/components/domainschema.md
  - docs/models/components/security.md
  - docs/models/errors/code.md
  - docs/models/errors/errort.md
  - docs/models/errors/badrequest.md
  - docs/models/errors/unauthorizedcode.md
  - docs/models/errors/unauthorizederror.md
  - docs/models/errors/unauthorized.md
  - docs/models/errors/forbiddencode.md
  - docs/models/errors/forbiddenerror.md
  - docs/models/errors/forbidden.md
  - docs/models/errors/notfoundcode.md
  - docs/models/errors/notfounderror.md
  - docs/models/errors/notfound.md
  - docs/models/errors/conflictcode.md
  - docs/models/errors/conflicterror.md
  - docs/models/errors/conflict.md
  - docs/models/errors/inviteexpiredcode.md
  - docs/models/errors/inviteexpirederror.md
  - docs/models/errors/inviteexpired.md
  - docs/models/errors/unprocessableentitycode.md
  - docs/models/errors/unprocessableentityerror.md
  - docs/models/errors/unprocessableentity.md
  - docs/models/errors/ratelimitexceededcode.md
  - docs/models/errors/ratelimitexceedederror.md
  - docs/models/errors/ratelimitexceeded.md
  - docs/models/errors/internalservererrorcode.md
  - docs/models/errors/internalservererrorerror.md
  - docs/models/errors/internalservererror.md
  - docs/models/operations/queryparamtagids.md
  - docs/models/operations/queryparamtagnames.md
  - docs/models/operations/sort.md
  - docs/models/operations/getlinksrequest.md
  - docs/models/operations/tagids.md
  - docs/models/operations/tagnames.md
  - docs/models/operations/createlinkrequestbody.md
  - docs/models/operations/getlinkscountqueryparamtagids.md
  - docs/models/operations/getlinkscountqueryparamtagnames.md
  - docs/models/operations/two.md
  - docs/models/operations/one.md
  - docs/models/operations/groupby.md
  - docs/models/operations/getlinkscountrequest.md
  - docs/models/operations/getlinkinforequest.md
  - docs/models/operations/deletelinkrequest.md
  - docs/models/operations/deletelinkresponsebody.md
  - docs/models/operations/updatelinktagids.md
  - docs/models/operations/updatelinktagnames.md
  - docs/models/operations/updatelinkrequestbody.md
  - docs/models/operations/updatelinkrequest.md
  - docs/models/operations/bulkcreatelinkstagids.md
  - docs/models/operations/bulkcreatelinkstagnames.md
  - docs/models/operations/requestbody.md
  - docs/models/operations/bulkupdatelinkstagids.md
  - docs/models/operations/bulkupdatelinkstagnames.md
  - docs/models/operations/data.md
  - docs/models/operations/bulkupdatelinksrequestbody.md
  - docs/models/operations/upsertlinktagids.md
  - docs/models/operations/upsertlinktagnames.md
  - docs/models/operations/upsertlinkrequestbody.md
  - docs/models/operations/level.md
  - docs/models/operations/getqrcoderequest.md
  - docs/models/operations/event.md
  - docs/models/operations/queryparamgroupby.md
  - docs/models/operations/interval.md
  - docs/models/operations/retrieveanalyticsrequest.md
  - docs/models/operations/retrieveanalyticsresponsebody.md
  - docs/models/operations/getworkspacerequest.md
  - docs/models/operations/updateworkspacerequestbody.md
  - docs/models/operations/updateworkspacerequest.md
  - docs/models/operations/color.md
  - docs/models/operations/createtagrequestbody.md
  - docs/models/operations/updatetagcolor.md
  - docs/models/operations/updatetagrequestbody.md
  - docs/models/operations/updatetagrequest.md
  - docs/models/operations/createdomainrequestbody.md
  - docs/models/operations/deletedomainrequest.md
  - docs/models/operations/deletedomainresponsebody.md
  - docs/models/operations/updatedomainrequestbody.md
  - docs/models/operations/updatedomainrequest.md
  - docs/models/operations/trackleadrequestbody.md
  - docs/models/operations/trackleadresponsebody.md
  - docs/models/operations/paymentprocessor.md
  - docs/models/operations/tracksalerequestbody.md
  - docs/models/operations/tracksaleresponsebody.md
  - docs/models/operations/trackcustomerrequestbody.md
  - docs/models/operations/trackcustomerresponsebody.md
  - docs/models/operations/getmetatagsrequest.md
  - docs/models/operations/getmetatagsresponsebody.md
  - docs/sdks/dub/README.md
  - docs/sdks/links/README.md
  - docs/sdks/qrcodes/README.md
  - docs/sdks/analytics/README.md
  - docs/sdks/workspaces/README.md
  - docs/sdks/tags/README.md
  - docs/sdks/domains/README.md
  - docs/sdks/track/README.md
  - docs/sdks/metatags/README.md
  - USAGE.md
  - .gitattributes
  - src/hooks/hooks.ts
  - src/hooks/types.ts
  - src/hooks/index.ts
