lockVersion: 2.0.0
id: f28179cc-ef59-426d-9e85-60cec22fc642
management:
  docChecksum: 61ca2a4d60218732e7611140e6caf8d9
  docVersion: 0.0.1
  speakeasyVersion: 1.292.0
  generationVersion: 2.332.4
  releaseVersion: 0.29.2
  configChecksum: d735362927204881510a6a6042f5e824
  repoURL: https://github.com/dubinc/dub-node.git
  installationURL: https://github.com/dubinc/dub-node
  published: true
features:
  typescript:
    additionalDependencies: 0.1.0
    constsAndDefaults: 0.1.5
    core: 3.9.4
    deprecations: 2.81.1
    examples: 2.81.4
    flattening: 2.81.1
    globalSecurity: 2.82.9
    globalSecurityCallbacks: 0.1.0
    globalSecurityFlattening: 0.1.0
    globalServerURLs: 2.82.4
    globals: 2.82.1
    hiddenGlobals: 0.1.0
    nameOverrides: 2.81.2
    nullables: 0.1.0
    responseFormat: 0.2.3
    sdkHooks: 0.1.0
    unions: 2.85.4
generatedFiles:
  - src/sdk/links.ts
  - src/sdk/qrcodes.ts
  - src/sdk/clicks.ts
  - src/sdk/analytics.ts
  - src/sdk/workspaces.ts
  - src/sdk/tags.ts
  - src/sdk/domains.ts
  - src/sdk/metatags.ts
  - src/sdk/sdk.ts
  - .eslintrc.js
  - .npmignore
  - RUNTIMES.md
  - jsr.json
  - package.json
  - src/lib/base64.ts
  - src/lib/config.ts
  - src/lib/encodings.ts
  - src/lib/http.ts
  - src/lib/retries.ts
  - src/lib/schemas.ts
  - src/lib/sdks.ts
  - src/lib/security.ts
  - src/lib/url.ts
  - src/sdk/index.ts
  - src/models/errors/sdkerror.ts
  - src/models/errors/sdkvalidationerror.ts
  - src/types/blobs.ts
  - src/types/enums.ts
  - src/types/index.ts
  - src/types/operations.ts
  - src/types/rfcdate.ts
  - tsconfig.json
  - src/models/components/linkschema.ts
  - src/models/components/tagschema.ts
  - src/models/components/workspaceschema.ts
  - src/models/components/domainschema.ts
  - src/models/components/security.ts
  - src/models/errors/badrequest.ts
  - src/models/errors/unauthorized.ts
  - src/models/errors/forbidden.ts
  - src/models/errors/notfound.ts
  - src/models/errors/conflict.ts
  - src/models/errors/inviteexpired.ts
  - src/models/errors/unprocessableentity.ts
  - src/models/errors/ratelimitexceeded.ts
  - src/models/errors/internalservererror.ts
  - src/models/operations/getlinks.ts
  - src/models/operations/createlink.ts
  - src/models/operations/getlinkscount.ts
  - src/models/operations/getlinkinfo.ts
  - src/models/operations/deletelink.ts
  - src/models/operations/updatelink.ts
  - src/models/operations/bulkcreatelinks.ts
  - src/models/operations/upsertlink.ts
  - src/models/operations/getqrcode.ts
  - src/models/operations/gettimeseriesbyclicksdeprecated.ts
  - src/models/operations/getcountriesbyclicksdeprecated.ts
  - src/models/operations/getcitiesbyclicksdeprecated.ts
  - src/models/operations/getdevicesbyclicksdeprecated.ts
  - src/models/operations/getbrowsersbyclicksdeprecated.ts
  - src/models/operations/getosbyclicksdeprecated.ts
  - src/models/operations/getreferersbyclicksdeprecated.ts
  - src/models/operations/gettoplinksbyclicksdeprecated.ts
  - src/models/operations/gettopurlsbyclicksdeprecated.ts
  - src/models/operations/getclickscount.ts
  - src/models/operations/gettimeseriesbyclicks.ts
  - src/models/operations/getcountriesbyclicks.ts
  - src/models/operations/getcitiesbyclicks.ts
  - src/models/operations/getdevicesbyclicks.ts
  - src/models/operations/getbrowsersbyclicks.ts
  - src/models/operations/getosbyclicks.ts
  - src/models/operations/getreferersbyclicks.ts
  - src/models/operations/gettoplinksbyclicks.ts
  - src/models/operations/gettopurlsbyclicks.ts
  - src/models/operations/getclickscountdeprecated.ts
  - src/models/operations/createworkspace.ts
  - src/models/operations/getworkspace.ts
  - src/models/operations/gettags.ts
  - src/models/operations/createtag.ts
  - src/models/operations/listdomains.ts
  - src/models/operations/adddomain.ts
  - src/models/operations/deletedomain.ts
  - src/models/operations/updatedomain.ts
  - src/models/operations/setprimarydomain.ts
  - src/models/operations/transferdomain.ts
  - src/models/operations/getmetatags.ts
  - src/models/errors/index.ts
  - src/models/components/index.ts
  - src/models/operations/index.ts
  - docs/models/components/geo.md
  - docs/models/components/linkschema.md
  - docs/models/components/color.md
  - docs/models/components/tagschema.md
  - docs/models/components/plan.md
  - docs/models/components/role.md
  - docs/models/components/users.md
  - docs/models/components/domains.md
  - docs/models/components/workspaceschema.md
  - docs/models/components/type.md
  - docs/models/components/domainschema.md
  - docs/models/components/security.md
  - docs/models/errors/code.md
  - docs/models/errors/errort.md
  - docs/models/errors/badrequest.md
  - docs/models/errors/unauthorizedcode.md
  - docs/models/errors/unauthorizederror.md
  - docs/models/errors/unauthorized.md
  - docs/models/errors/forbiddencode.md
  - docs/models/errors/forbiddenerror.md
  - docs/models/errors/forbidden.md
  - docs/models/errors/notfoundcode.md
  - docs/models/errors/notfounderror.md
  - docs/models/errors/notfound.md
  - docs/models/errors/conflictcode.md
  - docs/models/errors/conflicterror.md
  - docs/models/errors/conflict.md
  - docs/models/errors/inviteexpiredcode.md
  - docs/models/errors/inviteexpirederror.md
  - docs/models/errors/inviteexpired.md
  - docs/models/errors/unprocessableentitycode.md
  - docs/models/errors/unprocessableentityerror.md
  - docs/models/errors/unprocessableentity.md
  - docs/models/errors/ratelimitexceededcode.md
  - docs/models/errors/ratelimitexceedederror.md
  - docs/models/errors/ratelimitexceeded.md
  - docs/models/errors/internalservererrorcode.md
  - docs/models/errors/internalservererrorerror.md
  - docs/models/errors/internalservererror.md
  - docs/models/operations/queryparamtagids.md
  - docs/models/operations/queryparamtagnames.md
  - docs/models/operations/sort.md
  - docs/models/operations/getlinksrequest.md
  - docs/models/operations/tagids.md
  - docs/models/operations/tagnames.md
  - docs/models/operations/geo.md
  - docs/models/operations/createlinkrequestbody.md
  - docs/models/operations/getlinkscountqueryparamtagids.md
  - docs/models/operations/getlinkscountqueryparamtagnames.md
  - docs/models/operations/two.md
  - docs/models/operations/one.md
  - docs/models/operations/groupby.md
  - docs/models/operations/getlinkscountrequest.md
  - docs/models/operations/getlinkinforequest.md
  - docs/models/operations/deletelinkrequest.md
  - docs/models/operations/deletelinkresponsebody.md
  - docs/models/operations/updatelinktagids.md
  - docs/models/operations/updatelinktagnames.md
  - docs/models/operations/updatelinkgeo.md
  - docs/models/operations/updatelinkrequestbody.md
  - docs/models/operations/updatelinkrequest.md
  - docs/models/operations/bulkcreatelinkstagids.md
  - docs/models/operations/bulkcreatelinkstagnames.md
  - docs/models/operations/bulkcreatelinksgeo.md
  - docs/models/operations/requestbody.md
  - docs/models/operations/upsertlinktagids.md
  - docs/models/operations/upsertlinktagnames.md
  - docs/models/operations/upsertlinkgeo.md
  - docs/models/operations/upsertlinkrequestbody.md
  - docs/models/operations/level.md
  - docs/models/operations/getqrcoderequest.md
  - docs/models/operations/gettimeseriesbyclicksdeprecatedqueryparaminterval.md
  - docs/models/operations/gettimeseriesbyclicksdeprecatedqueryparamcountry.md
  - docs/models/operations/gettimeseriesbyclicksdeprecatedrequest.md
  - docs/models/operations/gettimeseriesbyclicksdeprecatedresponsebody.md
  - docs/models/operations/getcountriesbyclicksdeprecatedqueryparaminterval.md
  - docs/models/operations/getcountriesbyclicksdeprecatedqueryparamcountry.md
  - docs/models/operations/getcountriesbyclicksdeprecatedrequest.md
  - docs/models/operations/getcountriesbyclicksdeprecatedcountry.md
  - docs/models/operations/getcountriesbyclicksdeprecatedresponsebody.md
  - docs/models/operations/getcitiesbyclicksdeprecatedqueryparaminterval.md
  - docs/models/operations/getcitiesbyclicksdeprecatedqueryparamcountry.md
  - docs/models/operations/getcitiesbyclicksdeprecatedrequest.md
  - docs/models/operations/getcitiesbyclicksdeprecatedcountry.md
  - docs/models/operations/getcitiesbyclicksdeprecatedresponsebody.md
  - docs/models/operations/getdevicesbyclicksdeprecatedqueryparaminterval.md
  - docs/models/operations/getdevicesbyclicksdeprecatedqueryparamcountry.md
  - docs/models/operations/getdevicesbyclicksdeprecatedrequest.md
  - docs/models/operations/getdevicesbyclicksdeprecatedresponsebody.md
  - docs/models/operations/getbrowsersbyclicksdeprecatedqueryparaminterval.md
  - docs/models/operations/getbrowsersbyclicksdeprecatedqueryparamcountry.md
  - docs/models/operations/getbrowsersbyclicksdeprecatedrequest.md
  - docs/models/operations/getbrowsersbyclicksdeprecatedresponsebody.md
  - docs/models/operations/getosbyclicksdeprecatedqueryparaminterval.md
  - docs/models/operations/getosbyclicksdeprecatedqueryparamcountry.md
  - docs/models/operations/getosbyclicksdeprecatedrequest.md
  - docs/models/operations/getosbyclicksdeprecatedresponsebody.md
  - docs/models/operations/getreferersbyclicksdeprecatedqueryparaminterval.md
  - docs/models/operations/getreferersbyclicksdeprecatedqueryparamcountry.md
  - docs/models/operations/getreferersbyclicksdeprecatedrequest.md
  - docs/models/operations/getreferersbyclicksdeprecatedresponsebody.md
  - docs/models/operations/gettoplinksbyclicksdeprecatedqueryparaminterval.md
  - docs/models/operations/gettoplinksbyclicksdeprecatedqueryparamcountry.md
  - docs/models/operations/gettoplinksbyclicksdeprecatedrequest.md
  - docs/models/operations/gettoplinksbyclicksdeprecatedresponsebody.md
  - docs/models/operations/gettopurlsbyclicksdeprecatedqueryparaminterval.md
  - docs/models/operations/gettopurlsbyclicksdeprecatedqueryparamcountry.md
  - docs/models/operations/gettopurlsbyclicksdeprecatedrequest.md
  - docs/models/operations/gettopurlsbyclicksdeprecatedresponsebody.md
  - docs/models/operations/interval.md
  - docs/models/operations/country.md
  - docs/models/operations/getclickscountrequest.md
  - docs/models/operations/queryparaminterval.md
  - docs/models/operations/queryparamcountry.md
  - docs/models/operations/gettimeseriesbyclicksrequest.md
  - docs/models/operations/responsebody.md
  - docs/models/operations/getcountriesbyclicksqueryparaminterval.md
  - docs/models/operations/getcountriesbyclicksqueryparamcountry.md
  - docs/models/operations/getcountriesbyclicksrequest.md
  - docs/models/operations/getcountriesbyclickscountry.md
  - docs/models/operations/getcountriesbyclicksresponsebody.md
  - docs/models/operations/getcitiesbyclicksqueryparaminterval.md
  - docs/models/operations/getcitiesbyclicksqueryparamcountry.md
  - docs/models/operations/getcitiesbyclicksrequest.md
  - docs/models/operations/getcitiesbyclickscountry.md
  - docs/models/operations/getcitiesbyclicksresponsebody.md
  - docs/models/operations/getdevicesbyclicksqueryparaminterval.md
  - docs/models/operations/getdevicesbyclicksqueryparamcountry.md
  - docs/models/operations/getdevicesbyclicksrequest.md
  - docs/models/operations/getdevicesbyclicksresponsebody.md
  - docs/models/operations/getbrowsersbyclicksqueryparaminterval.md
  - docs/models/operations/getbrowsersbyclicksqueryparamcountry.md
  - docs/models/operations/getbrowsersbyclicksrequest.md
  - docs/models/operations/getbrowsersbyclicksresponsebody.md
  - docs/models/operations/getosbyclicksqueryparaminterval.md
  - docs/models/operations/getosbyclicksqueryparamcountry.md
  - docs/models/operations/getosbyclicksrequest.md
  - docs/models/operations/getosbyclicksresponsebody.md
  - docs/models/operations/getreferersbyclicksqueryparaminterval.md
  - docs/models/operations/getreferersbyclicksqueryparamcountry.md
  - docs/models/operations/getreferersbyclicksrequest.md
  - docs/models/operations/getreferersbyclicksresponsebody.md
  - docs/models/operations/gettoplinksbyclicksqueryparaminterval.md
  - docs/models/operations/gettoplinksbyclicksqueryparamcountry.md
  - docs/models/operations/gettoplinksbyclicksrequest.md
  - docs/models/operations/gettoplinksbyclicksresponsebody.md
  - docs/models/operations/gettopurlsbyclicksqueryparaminterval.md
  - docs/models/operations/gettopurlsbyclicksqueryparamcountry.md
  - docs/models/operations/gettopurlsbyclicksrequest.md
  - docs/models/operations/gettopurlsbyclicksresponsebody.md
  - docs/models/operations/getclickscountdeprecatedqueryparaminterval.md
  - docs/models/operations/getclickscountdeprecatedqueryparamcountry.md
  - docs/models/operations/getclickscountdeprecatedrequest.md
  - docs/models/operations/createworkspacerequestbody.md
  - docs/models/operations/getworkspacerequest.md
  - docs/models/operations/gettagsrequest.md
  - docs/models/operations/color.md
  - docs/models/operations/createtagrequestbody.md
  - docs/models/operations/listdomainsrequest.md
  - docs/models/operations/type.md
  - docs/models/operations/adddomainrequestbody.md
  - docs/models/operations/deletedomainrequest.md
  - docs/models/operations/deletedomainresponsebody.md
  - docs/models/operations/updatedomaintype.md
  - docs/models/operations/updatedomainrequestbody.md
  - docs/models/operations/updatedomainrequest.md
  - docs/models/operations/setprimarydomainrequest.md
  - docs/models/operations/transferdomainrequestbody.md
  - docs/models/operations/transferdomainrequest.md
  - docs/models/operations/getmetatagsrequest.md
  - docs/models/operations/getmetatagsresponsebody.md
  - docs/sdks/dub/README.md
  - docs/sdks/links/README.md
  - docs/sdks/qrcodes/README.md
  - docs/sdks/analytics/README.md
  - docs/sdks/clicks/README.md
  - docs/sdks/workspaces/README.md
  - docs/sdks/tags/README.md
  - docs/sdks/domains/README.md
  - docs/sdks/metatags/README.md
  - USAGE.md
  - .gitattributes
  - src/hooks/hooks.ts
  - src/hooks/types.ts
  - src/hooks/index.ts
