speakeasyVersion: 1.568.0
sources:
    my-first-source:
        sourceNamespace: my-first-source
        sourceRevisionDigest: sha256:5de6b0c5982dbba87ba798de6ca28a97aeb51d86652570c9b9d924187f2c9c3d
        sourceBlobDigest: sha256:25d9d71a1ef219b1f9628f6ce0a6a5131356b0ef74d4e82dc5b4f04a2e5bdd5b
        tags:
            - latest
            - speakeasy-sdk-regen-1750379462
            - 0.0.1
targets:
    my-first-target:
        source: my-first-source
        sourceNamespace: my-first-source
        sourceRevisionDigest: sha256:5de6b0c5982dbba87ba798de6ca28a97aeb51d86652570c9b9d924187f2c9c3d
        sourceBlobDigest: sha256:25d9d71a1ef219b1f9628f6ce0a6a5131356b0ef74d4e82dc5b4f04a2e5bdd5b
        codeSamplesNamespace: code-samples-typescript-my-first-target
        codeSamplesRevisionDigest: sha256:6f82ee8c32ef36e15206dc726d8ebaa5eeaf166a76afe775f07adad68c235da8
workflow:
    workflowVersion: 1.0.0
    speakeasyVersion: latest
    sources:
        my-first-source:
            inputs:
                - location: https://api.dub.co
            registry:
                location: registry.speakeasyapi.dev/dub/dub/my-first-source
    targets:
        my-first-target:
            target: typescript
            source: my-first-source
            publish:
                npm:
                    token: $npm_token
            codeSamples:
                output: codeSamples.yaml
                registry:
                    location: registry.speakeasyapi.dev/dub/dub/code-samples-typescript-my-first-target
