speakeasyVersion: 1.477.0
sources:
    my-first-source:
        sourceNamespace: my-first-source
        sourceRevisionDigest: sha256:ea69e12e76d72c940b1eeeb9b56ade16ca621adf30a460e949c861d834b439c6
        sourceBlobDigest: sha256:aa5b86f9f594547849629c4732bcf794139abfa71ff49ca7da20cd1e36d74be9
        tags:
            - latest
            - speakeasy-sdk-regen-1738865671
            - 0.0.1
targets:
    my-first-target:
        source: my-first-source
        sourceNamespace: my-first-source
        sourceRevisionDigest: sha256:ea69e12e76d72c940b1eeeb9b56ade16ca621adf30a460e949c861d834b439c6
        sourceBlobDigest: sha256:aa5b86f9f594547849629c4732bcf794139abfa71ff49ca7da20cd1e36d74be9
        codeSamplesNamespace: code-samples-typescript-my-first-target
        codeSamplesRevisionDigest: sha256:62228e85e491ea80e731c38877e3116b93ab17c6e9e049fe3b700dd64597b675
workflow:
    workflowVersion: 1.0.0
    speakeasyVersion: latest
    sources:
        my-first-source:
            inputs:
                - location: https://api.dub.co
            registry:
                location: registry.speakeasyapi.dev/dub/dub/my-first-source
    targets:
        my-first-target:
            target: typescript
            source: my-first-source
            publish:
                npm:
                    token: $npm_token
            codeSamples:
                output: codeSamples.yaml
                registry:
                    location: registry.speakeasyapi.dev/dub/dub/code-samples-typescript-my-first-target
