speakeasyVersion: 1.348.1
sources:
    my-first-source:
        sourceNamespace: my-first-source
        sourceRevisionDigest: sha256:4d78d78685a08202f85a9716ff9e5768ff4b067d2ce464808d83952744a57381
        sourceBlobDigest: sha256:0c65956649d3eb4dc5a19103b2efd8d2a0cd19c58b6241fac24217c4d36014ae
        tags:
            - latest
            - main
targets:
    my-first-target:
        source: my-first-source
        sourceNamespace: my-first-source
        sourceRevisionDigest: sha256:4d78d78685a08202f85a9716ff9e5768ff4b067d2ce464808d83952744a57381
        sourceBlobDigest: sha256:0c65956649d3eb4dc5a19103b2efd8d2a0cd19c58b6241fac24217c4d36014ae
        codeSamplesNamespace: code-samples-typescript-my-first-target
        codeSamplesRevisionDigest: sha256:8d89f25edfe9e291b4ad380de610b887cfdba3ed3605c8c0e2949bb435949eaf
        outLocation: /github/workspace/repo
workflow:
    workflowVersion: 1.0.0
    speakeasyVersion: latest
    sources:
        my-first-source:
            inputs:
                - location: https://api.dub.co
            registry:
                location: registry.speakeasyapi.dev/dub/dub/my-first-source
    targets:
        my-first-target:
            target: typescript
            source: my-first-source
            publish:
                npm:
                    token: $npm_token
            codeSamples:
                output: codeSamples.yaml
                registry:
                    location: registry.speakeasyapi.dev/dub/dub/code-samples-typescript-my-first-target
